
Microsoft Visual Studio Solution File, Format Version 12.00
# Visual Studio Version 17
VisualStudioVersion = 17.1.32328.378
MinimumVisualStudioVersion = 10.0.40219.1
Project("{FAE04EC0-301F-11D3-BF4B-00C04F79EFBC}") = "PdfMaker.Api", "PdfMaker.Api\PdfMaker.Api.csproj", "{E2061BBE-8595-40AE-9E8E-6BA4F1DC95E2}"
EndProject
Global
	GlobalSection(SolutionConfigurationPlatforms) = preSolution
		Debug|Any CPU = Debug|Any CPU
		Release|Any CPU = Release|Any CPU
	EndGlobalSection
	GlobalSection(ProjectConfigurationPlatforms) = postSolution
		{E2061BBE-8595-40AE-9E8E-6BA4F1DC95E2}.Debug|Any CPU.ActiveCfg = Debug|Any CPU
		{E2061BBE-8595-40AE-9E8E-6BA4F1DC95E2}.Debug|Any CPU.Build.0 = Debug|Any CPU
		{E2061BBE-8595-40AE-9E8E-6BA4F1DC95E2}.Release|Any CPU.ActiveCfg = Release|Any CPU
		{E2061BBE-8595-40AE-9E8E-6BA4F1DC95E2}.Release|Any CPU.Build.0 = Release|Any CPU
	EndGlobalSection
	GlobalSection(SolutionProperties) = preSolution
		HideSolutionNode = FALSE
	EndGlobalSection
	GlobalSection(ExtensibilityGlobals) = postSolution
		SolutionGuid = {5F0725C2-7B67-4121-A4B1-4260F40E9CFA}
	EndGlobalSection
EndGlobal
